<?xml version="1.0" encoding="utf-8"?>
<Project ToolsVersion="4.0" xmlns="http://schemas.microsoft.com/developer/msbuild/2003">
  <ItemGroup>
    <Filter Include="ソース ファイル">
      <UniqueIdentifier>{4FC737F1-C7A5-4376-A066-2A32D752A2FF}</UniqueIdentifier>
      <Extensions>cpp;c;cc;cxx;def;odl;idl;hpj;bat;asm;asmx</Extensions>
    </Filter>
    <Filter Include="ヘッダー ファイル">
      <UniqueIdentifier>{93995380-89BD-4b04-88EB-625FBE52EBFB}</UniqueIdentifier>
      <Extensions>h;hh;hpp;hxx;hm;inl;inc;xsd</Extensions>
    </Filter>
    <Filter Include="リソース ファイル">
      <UniqueIdentifier>{67DA6AB6-F800-4c08-8B7A-83BB121AAD01}</UniqueIdentifier>
      <Extensions>rc;ico;cur;bmp;dlg;rc2;rct;bin;rgs;gif;jpg;jpeg;jpe;resx;tiff;tif;png;wav;mfcribbon-ms</Extensions>
    </Filter>
    <Filter Include="ソース ファイル\src">
      <UniqueIdentifier>{81c78d2b-bb58-4527-846e-165c0100e65a}</UniqueIdentifier>
    </Filter>
    <Filter Include="ソース ファイル\src\fflib">
      <UniqueIdentifier>{c85adb0e-35ef-450d-8719-015559d7180f}</UniqueIdentifier>
    </Filter>
    <Filter Include="ソース ファイル\src\lglib">
      <UniqueIdentifier>{77fe4da3-1387-4326-8486-aa14db4f4a3b}</UniqueIdentifier>
    </Filter>
    <Filter Include="ヘッダー ファイル\src">
      <UniqueIdentifier>{c8f0b508-d58c-4c3a-9af0-a8b8ca680827}</UniqueIdentifier>
    </Filter>
    <Filter Include="ヘッダー ファイル\src\fflib">
      <UniqueIdentifier>{e11c8685-333f-40ad-9e7e-85880c9f7a10}</UniqueIdentifier>
    </Filter>
    <Filter Include="ヘッダー ファイル\src\femlib">
      <UniqueIdentifier>{7533589e-e964-4abc-847e-81c2f8d48711}</UniqueIdentifier>
    </Filter>
  </ItemGroup>
  <ItemGroup>
    <Text Include="ReadMe.txt" />
  </ItemGroup>
  <ItemGroup>
    <ClInclude Include="stdafx.h">
      <Filter>ヘッダー ファイル</Filter>
    </ClInclude>
    <ClInclude Include="targetver.h">
      <Filter>ヘッダー ファイル</Filter>
    </ClInclude>
    <ClInclude Include="..\src\fflib\AnyType.hpp">
      <Filter>ヘッダー ファイル\src\fflib</Filter>
    </ClInclude>
    <ClInclude Include="..\src\fflib\CodeAlloc.hpp">
      <Filter>ヘッダー ファイル\src\fflib</Filter>
    </ClInclude>
    <ClInclude Include="..\src\fflib\error.hpp">
      <Filter>ヘッダー ファイル\src\fflib</Filter>
    </ClInclude>
    <ClInclude Include="..\src\fflib\AFunction.hpp">
      <Filter>ヘッダー ファイル\src\fflib</Filter>
    </ClInclude>
    <ClInclude Include="..\src\femlib\RNM.hpp">
      <Filter>ヘッダー ファイル\src\femlib</Filter>
    </ClInclude>
    <ClInclude Include="..\src\fflib\ffstack.hpp">
      <Filter>ヘッダー ファイル\src\fflib</Filter>
    </ClInclude>
    <ClInclude Include="..\src\fflib\throwassert.hpp">
      <Filter>ヘッダー ファイル\src\fflib</Filter>
    </ClInclude>
    <ClInclude Include="..\src\fflib\lex.hpp">
      <Filter>ヘッダー ファイル\src\fflib</Filter>
    </ClInclude>
    <ClInclude Include="..\src\fflib\String.hpp">
      <Filter>ヘッダー ファイル\src\fflib</Filter>
    </ClInclude>
    <ClInclude Include="..\src\fflib\showverb.hpp">
      <Filter>ヘッダー ファイル\src\fflib</Filter>
    </ClInclude>
    <ClInclude Include="..\src\fflib\array_init.hpp">
      <Filter>ヘッダー ファイル\src\fflib</Filter>
    </ClInclude>
    <ClInclude Include="..\src\fflib\array_tlp.hpp">
      <Filter>ヘッダー ファイル\src\fflib</Filter>
    </ClInclude>
    <ClInclude Include="..\src\fflib\Operator.hpp">
      <Filter>ヘッダー ファイル\src\fflib</Filter>
    </ClInclude>
  </ItemGroup>
  <ItemGroup>
    <ClCompile Include="test.cpp">
      <Filter>ソース ファイル\src</Filter>
    </ClCompile>
    <ClCompile Include="..\src\fflib\CodeAlloc.cpp">
      <Filter>ソース ファイル\src\fflib</Filter>
    </ClCompile>
    <ClCompile Include="..\src\fflib\AFunction2.cpp">
      <Filter>ソース ファイル\src\fflib</Filter>
    </ClCompile>
    <ClCompile Include="..\src\fflib\global.cpp">
      <Filter>ソース ファイル\src\fflib</Filter>
    </ClCompile>
    <ClCompile Include="..\src\fflib\AFunction.cpp">
      <Filter>ソース ファイル\src\fflib</Filter>
    </ClCompile>
    <ClCompile Include="..\src\fflib\array_long.cpp">
      <Filter>ソース ファイル\src\fflib</Filter>
    </ClCompile>
    <ClCompile Include="..\src\fflib\array_real.cpp">
      <Filter>ソース ファイル\src\fflib</Filter>
    </ClCompile>
    <ClCompile Include="..\src\fflib\array_complex.cpp">
      <Filter>ソース ファイル\src\fflib</Filter>
    </ClCompile>
  </ItemGroup>
</Project>