<?xml version="1.0" encoding="utf-8"?>
<Project ToolsVersion="4.0" xmlns="http://schemas.microsoft.com/developer/msbuild/2003">
  <ItemGroup>
    <Filter Include="ソース ファイル">
      <UniqueIdentifier>{4FC737F1-C7A5-4376-A066-2A32D752A2FF}</UniqueIdentifier>
      <Extensions>cpp;c;cc;cxx;def;odl;idl;hpj;bat;asm;asmx</Extensions>
    </Filter>
    <Filter Include="ヘッダー ファイル">
      <UniqueIdentifier>{93995380-89BD-4b04-88EB-625FBE52EBFB}</UniqueIdentifier>
      <Extensions>h;hh;hpp;hxx;hm;inl;inc;xsd</Extensions>
    </Filter>
    <Filter Include="リソース ファイル">
      <UniqueIdentifier>{67DA6AB6-F800-4c08-8B7A-83BB121AAD01}</UniqueIdentifier>
      <Extensions>rc;ico;cur;bmp;dlg;rc2;rct;bin;rgs;gif;jpg;jpeg;jpe;resx;tiff;tif;png;wav;mfcribbon-ms</Extensions>
    </Filter>
    <Filter Include="ソース ファイル\src">
      <UniqueIdentifier>{81c78d2b-bb58-4527-846e-165c0100e65a}</UniqueIdentifier>
    </Filter>
    <Filter Include="ソース ファイル\src\fflib">
      <UniqueIdentifier>{c85adb0e-35ef-450d-8719-015559d7180f}</UniqueIdentifier>
    </Filter>
    <Filter Include="ヘッダー ファイル\src">
      <UniqueIdentifier>{c8f0b508-d58c-4c3a-9af0-a8b8ca680827}</UniqueIdentifier>
    </Filter>
    <Filter Include="ヘッダー ファイル\src\fflib">
      <UniqueIdentifier>{e11c8685-333f-40ad-9e7e-85880c9f7a10}</UniqueIdentifier>
    </Filter>
    <Filter Include="ヘッダー ファイル\src\femlib">
      <UniqueIdentifier>{7533589e-e964-4abc-847e-81c2f8d48711}</UniqueIdentifier>
    </Filter>
    <Filter Include="ヘッダー ファイル\src\lglib">
      <UniqueIdentifier>{1f9ea83f-a732-4ebd-bc19-275fb3e31e6c}</UniqueIdentifier>
    </Filter>
    <Filter Include="ソース ファイル\src\Graphics">
      <UniqueIdentifier>{cbd3010e-d528-48cd-937a-e9f7eb6ea1b1}</UniqueIdentifier>
    </Filter>
    <Filter Include="ヘッダー ファイル\src\Graphics">
      <UniqueIdentifier>{12569fbe-c43b-49a0-8ef2-21da44de9713}</UniqueIdentifier>
    </Filter>
    <Filter Include="ソース ファイル\src\lglib">
      <UniqueIdentifier>{698aae55-91da-4b72-9660-b39b692f10c9}</UniqueIdentifier>
    </Filter>
    <Filter Include="ソース ファイル\src\femlib">
      <UniqueIdentifier>{54116d60-f39f-42a6-9c31-7d02dfdd728d}</UniqueIdentifier>
    </Filter>
    <Filter Include="ソース ファイル\src\bamglib">
      <UniqueIdentifier>{2a1b52e5-9ad9-4c6c-b4db-92b18348ffdf}</UniqueIdentifier>
    </Filter>
    <Filter Include="ソース ファイル\src\bamg">
      <UniqueIdentifier>{3f95c8c4-476d-4f00-b556-12ebd91f35b4}</UniqueIdentifier>
    </Filter>
  </ItemGroup>
  <ItemGroup>
    <Text Include="ReadMe.txt" />
  </ItemGroup>
  <ItemGroup>
    <ClInclude Include="stdafx.h">
      <Filter>ヘッダー ファイル</Filter>
    </ClInclude>
    <ClInclude Include="targetver.h">
      <Filter>ヘッダー ファイル</Filter>
    </ClInclude>
    <ClInclude Include="..\src\fflib\AnyType.hpp">
      <Filter>ヘッダー ファイル\src\fflib</Filter>
    </ClInclude>
    <ClInclude Include="..\src\fflib\CodeAlloc.hpp">
      <Filter>ヘッダー ファイル\src\fflib</Filter>
    </ClInclude>
    <ClInclude Include="..\src\fflib\error.hpp">
      <Filter>ヘッダー ファイル\src\fflib</Filter>
    </ClInclude>
    <ClInclude Include="..\src\fflib\AFunction.hpp">
      <Filter>ヘッダー ファイル\src\fflib</Filter>
    </ClInclude>
    <ClInclude Include="..\src\femlib\RNM.hpp">
      <Filter>ヘッダー ファイル\src\femlib</Filter>
    </ClInclude>
    <ClInclude Include="..\src\fflib\ffstack.hpp">
      <Filter>ヘッダー ファイル\src\fflib</Filter>
    </ClInclude>
    <ClInclude Include="..\src\fflib\throwassert.hpp">
      <Filter>ヘッダー ファイル\src\fflib</Filter>
    </ClInclude>
    <ClInclude Include="..\src\fflib\lex.hpp">
      <Filter>ヘッダー ファイル\src\fflib</Filter>
    </ClInclude>
    <ClInclude Include="..\src\fflib\String.hpp">
      <Filter>ヘッダー ファイル\src\fflib</Filter>
    </ClInclude>
    <ClInclude Include="..\src\fflib\showverb.hpp">
      <Filter>ヘッダー ファイル\src\fflib</Filter>
    </ClInclude>
    <ClInclude Include="..\src\fflib\array_init.hpp">
      <Filter>ヘッダー ファイル\src\fflib</Filter>
    </ClInclude>
    <ClInclude Include="..\src\fflib\array_tlp.hpp">
      <Filter>ヘッダー ファイル\src\fflib</Filter>
    </ClInclude>
    <ClInclude Include="..\src\fflib\Operator.hpp">
      <Filter>ヘッダー ファイル\src\fflib</Filter>
    </ClInclude>
    <ClInclude Include="..\src\lglib\lg.tab.hpp">
      <Filter>ヘッダー ファイル\src\lglib</Filter>
    </ClInclude>
    <ClInclude Include="..\src\Graphics\getprog-unix.hpp">
      <Filter>ヘッダー ファイル\src\Graphics</Filter>
    </ClInclude>
    <ClInclude Include="..\src\Graphics\mode_open.hpp">
      <Filter>ヘッダー ファイル\src\Graphics</Filter>
    </ClInclude>
    <ClInclude Include="..\src\fflib\ffapi.hpp">
      <Filter>ヘッダー ファイル\src\fflib</Filter>
    </ClInclude>
    <ClInclude Include="..\src\fflib\strversionnumber.hpp">
      <Filter>ヘッダー ファイル\src\fflib</Filter>
    </ClInclude>
    <ClInclude Include="..\src\fflib\environment.hpp">
      <Filter>ヘッダー ファイル\src\fflib</Filter>
    </ClInclude>
    <ClInclude Include="..\src\fflib\InitFunct.hpp">
      <Filter>ヘッダー ファイル\src\fflib</Filter>
    </ClInclude>
    <ClInclude Include="..\src\fflib\lgmesh.hpp">
      <Filter>ヘッダー ファイル\src\fflib</Filter>
    </ClInclude>
    <ClInclude Include="..\src\femlib\BamgFreeFem.hpp">
      <Filter>ヘッダー ファイル\src\femlib</Filter>
    </ClInclude>
  </ItemGroup>
  <ItemGroup>
    <ClCompile Include="..\src\fflib\CodeAlloc.cpp">
      <Filter>ソース ファイル\src\fflib</Filter>
    </ClCompile>
    <ClCompile Include="..\src\fflib\AFunction2.cpp">
      <Filter>ソース ファイル\src\fflib</Filter>
    </ClCompile>
    <ClCompile Include="..\src\fflib\global.cpp">
      <Filter>ソース ファイル\src\fflib</Filter>
    </ClCompile>
    <ClCompile Include="..\src\fflib\AFunction.cpp">
      <Filter>ソース ファイル\src\fflib</Filter>
    </ClCompile>
    <ClCompile Include="..\src\fflib\array_long.cpp">
      <Filter>ソース ファイル\src\fflib</Filter>
    </ClCompile>
    <ClCompile Include="..\src\fflib\array_real.cpp">
      <Filter>ソース ファイル\src\fflib</Filter>
    </ClCompile>
    <ClCompile Include="..\src\fflib\array_complex.cpp">
      <Filter>ソース ファイル\src\fflib</Filter>
    </ClCompile>
    <ClCompile Include="..\src\fflib\lex.cpp">
      <Filter>ソース ファイル\src\fflib</Filter>
    </ClCompile>
    <ClCompile Include="..\src\Graphics\ff-win32.cpp">
      <Filter>ソース ファイル\src\Graphics</Filter>
    </ClCompile>
    <ClCompile Include="..\src\fflib\environment.cpp">
      <Filter>ソース ファイル\src\fflib</Filter>
    </ClCompile>
    <ClCompile Include="..\src\Graphics\getprog-unix.cpp">
      <Filter>ソース ファイル\src\Graphics</Filter>
    </ClCompile>
    <ClCompile Include="..\src\fflib\ffapi.cpp">
      <Filter>ソース ファイル\src\fflib</Filter>
    </ClCompile>
    <ClCompile Include="..\src\Graphics\Pcrgraph.cpp">
      <Filter>ソース ファイル\src\Graphics</Filter>
    </ClCompile>
    <ClCompile Include="..\src\lglib\mymain.cpp">
      <Filter>ソース ファイル\src\lglib</Filter>
    </ClCompile>
    <ClCompile Include="..\src\lglib\lg.tab.cpp">
      <Filter>ソース ファイル\src\lglib</Filter>
    </ClCompile>
    <ClCompile Include="..\src\fflib\InitFunct.cpp">
      <Filter>ソース ファイル\src\fflib</Filter>
    </ClCompile>
    <ClCompile Include="..\src\fflib\lgmesh.cpp">
      <Filter>ソース ファイル\src\fflib</Filter>
    </ClCompile>
    <ClCompile Include="..\src\fflib\lgfem.cpp">
      <Filter>ソース ファイル\src\fflib</Filter>
    </ClCompile>
    <ClCompile Include="..\src\femlib\CheckPtr.cpp">
      <Filter>ソース ファイル\src\femlib</Filter>
    </ClCompile>
    <ClCompile Include="..\src\femlib\BamgFreeFem.cpp">
      <Filter>ソース ファイル\src\femlib</Filter>
    </ClCompile>
    <ClCompile Include="..\src\bamglib\MeshGeom.cpp">
      <Filter>ソース ファイル\src\bamglib</Filter>
    </ClCompile>
    <ClCompile Include="..\src\bamglib\Mesh2.cpp">
      <Filter>ソース ファイル\src\bamglib</Filter>
    </ClCompile>
    <ClCompile Include="..\src\bamg\bamg_global.cpp">
      <Filter>ソース ファイル\src\bamg</Filter>
    </ClCompile>
    <ClCompile Include="..\src\bamglib\QuadTree.cpp">
      <Filter>ソース ファイル\src\bamglib</Filter>
    </ClCompile>
    <ClCompile Include="..\src\bamglib\MeshWrite.cpp">
      <Filter>ソース ファイル\src\bamglib</Filter>
    </ClCompile>
    <ClCompile Include="..\src\bamglib\Meshio.cpp">
      <Filter>ソース ファイル\src\bamglib</Filter>
    </ClCompile>
    <ClCompile Include="..\src\bamglib\Metric.cpp">
      <Filter>ソース ファイル\src\bamglib</Filter>
    </ClCompile>
    <ClCompile Include="..\src\femlib\fem.cpp">
      <Filter>ソース ファイル\src\femlib</Filter>
    </ClCompile>
    <ClCompile Include="..\src\femlib\FQuadTree.cpp">
      <Filter>ソース ファイル\src\femlib</Filter>
    </ClCompile>
    <ClCompile Include="..\src\femlib\gibbs.cpp">
      <Filter>ソース ファイル\src\femlib</Filter>
    </ClCompile>
    <ClCompile Include="..\src\femlib\FESpace.cpp">
      <Filter>ソース ファイル\src\femlib</Filter>
    </ClCompile>
    <ClCompile Include="..\src\femlib\mshptg.cpp">
      <Filter>ソース ファイル\src\femlib</Filter>
    </ClCompile>
    <ClCompile Include="..\src\femlib\FESpacen.cpp">
      <Filter>ソース ファイル\src\femlib</Filter>
    </ClCompile>
    <ClCompile Include="..\src\fflib\lgmesh3.cpp">
      <Filter>ソース ファイル\src\fflib</Filter>
    </ClCompile>
    <ClCompile Include="..\src\femlib\Mesh3dn.cpp">
      <Filter>ソース ファイル\src\femlib</Filter>
    </ClCompile>
    <ClCompile Include="..\src\femlib\Mesh1dn.cpp">
      <Filter>ソース ファイル\src\femlib</Filter>
    </ClCompile>
    <ClCompile Include="..\src\femlib\Mesh2dn.cpp">
      <Filter>ソース ファイル\src\femlib</Filter>
    </ClCompile>
    <ClCompile Include="..\src\femlib\MeshLn.cpp">
      <Filter>ソース ファイル\src\femlib</Filter>
    </ClCompile>
    <ClCompile Include="..\src\bamglib\SetOfE4.cpp">
      <Filter>ソース ファイル\src\bamglib</Filter>
    </ClCompile>
    <ClCompile Include="..\src\femlib\Element_P2h.cpp">
      <Filter>ソース ファイル\src\femlib</Filter>
    </ClCompile>
    <ClCompile Include="src\main_kame.cpp">
      <Filter>ソース ファイル</Filter>
    </ClCompile>
    <ClCompile Include="src\test.cpp">
      <Filter>ソース ファイル</Filter>
    </ClCompile>
    <ClCompile Include="src\a_tutorial.cpp">
      <Filter>ソース ファイル</Filter>
    </ClCompile>
    <ClCompile Include="..\src\fflib\problem.cpp">
      <Filter>ソース ファイル\src\fflib</Filter>
    </ClCompile>
    <ClCompile Include="..\src\fflib\load.cpp">
      <Filter>ソース ファイル\src\fflib</Filter>
    </ClCompile>
    <ClCompile Include="..\src\fflib\P1IsoValue.cpp">
      <Filter>ソース ファイル\src\fflib</Filter>
    </ClCompile>
    <ClCompile Include="..\src\femlib\QuadratureFormular.cpp">
      <Filter>ソース ファイル\src\femlib</Filter>
    </ClCompile>
    <ClCompile Include="..\src\femlib\P012_3d.cpp">
      <Filter>ソース ファイル\src\femlib</Filter>
    </ClCompile>
    <ClCompile Include="..\src\femlib\splitsimplex.cpp">
      <Filter>ソース ファイル\src\femlib</Filter>
    </ClCompile>
    <ClCompile Include="..\src\femlib\SparseLinearSolver.cpp">
      <Filter>ソース ファイル\src\femlib</Filter>
    </ClCompile>
    <ClCompile Include="..\src\fflib\lgmat.cpp">
      <Filter>ソース ファイル\src\fflib</Filter>
    </ClCompile>
    <ClCompile Include="..\src\femlib\HashMatrix.cpp">
      <Filter>ソース ファイル\src\femlib</Filter>
    </ClCompile>
    <ClCompile Include="..\src\femlib\CG.cpp">
      <Filter>ソース ファイル\src\femlib</Filter>
    </ClCompile>
    <ClCompile Include="..\src\fflib\UMFPack_Solver.cpp">
      <Filter>ソース ファイル\src\fflib</Filter>
    </ClCompile>
  </ItemGroup>
  <ItemGroup>
    <None Include="..\src\lglib\lg.ypp">
      <Filter>ヘッダー ファイル\src\lglib</Filter>
    </None>
  </ItemGroup>
</Project>